// !$*UTF8*$!
{
	archiveVersion = 1;
	classes = {
	};
	objectVersion = 77;
	objects = {

/* Begin PBXBuildFile section */
		FCAD3B072F6DA47D0009D8B6 /* .gitignore in Resources */ = {isa = PBXBuildFile; fileRef = FCAD3B062F6DA47D0009D8B6 /* .gitignore */; };
		FCAD3B0B2F6DA4BB0009D8B6 /* .swiftlint.yml in Resources */ = {isa = PBXBuildFile; fileRef = FCAD3B0A2F6DA4BB0009D8B6 /* .swiftlint.yml */; };
/* End PBXBuildFile section */

/* Begin PBXContainerItemProxy section */
		FCAD3AEA2F6DA3870009D8B6 /* PBXContainerItemProxy */ = {
			isa = PBXContainerItemProxy;
			containerPortal = FCAD3ACF2F6DA3850009D8B6 /* Project object */;
			proxyType = 1;
			remoteGlobalIDString = FCAD3AD62F6DA3850009D8B6;
			remoteInfo = GhibliApp;
		};
		FCAD3AF42F6DA3870009D8B6 /* PBXContainerItemProxy */ = {
			isa = PBXContainerItemProxy;
			containerPortal = FCAD3ACF2F6DA3850009D8B6 /* Project object */;
			proxyType = 1;
			remoteGlobalIDString = FCAD3AD62F6DA3850009D8B6;
			remoteInfo = GhibliApp;
		};
/* End PBXContainerItemProxy section */

/* Begin PBXFileReference section */
		FCAD3AD72F6DA3850009D8B6 /* GhibliApp.app */ = {isa = PBXFileReference; explicitFileType = wrapper.application; includeInIndex = 0; path = GhibliApp.app; sourceTree = BUILT_PRODUCTS_DIR; };
		FCAD3AE92F6DA3870009D8B6 /* GhibliAppTests.xctest */ = {isa = PBXFileReference; explicitFileType = wrapper.cfbundle; includeInIndex = 0; path = GhibliAppTests.xctest; sourceTree = BUILT_PRODUCTS_DIR; };
		FCAD3AF32F6DA3870009D8B6 /* GhibliAppUITests.xctest */ = {isa = PBXFileReference; explicitFileType = wrapper.cfbundle; includeInIndex = 0; path = GhibliAppUITests.xctest; sourceTree = BUILT_PRODUCTS_DIR; };
		FCAD3B062F6DA47D0009D8B6 /* .gitignore */ = {isa = PBXFileReference; lastKnownFileType = text; path = .gitignore; sourceTree = "<group>"; };
		FCAD3B0A2F6DA4BB0009D8B6 /* .swiftlint.yml */ = {isa = PBXFileReference; lastKnownFileType = text.yaml; path = .swiftlint.yml; sourceTree = "<group>"; };
/* End PBXFileReference section */

/* Begin PBXFileSystemSynchronizedRootGroup section */
		FCAD3AD92F6DA3850009D8B6 /* GhibliApp */ = {
			isa = PBXFileSystemSynchronizedRootGroup;
			path = GhibliApp;
			sourceTree = "<group>";
		};
		FCAD3AEC2F6DA3870009D8B6 /* GhibliAppTests */ = {
			isa = PBXFileSystemSynchronizedRootGroup;
			path = GhibliAppTests;
			sourceTree = "<group>";
		};
		FCAD3AF62F6DA3870009D8B6 /* GhibliAppUITests */ = {
			isa = PBXFileSystemSynchronizedRootGroup;
			path = GhibliAppUITests;
			sourceTree = "<group>";
		};
/* End PBXFileSystemSynchronizedRootGroup section */

/* Begin PBXFrameworksBuildPhase section */
		FCAD3AD42F6DA3850009D8B6 /* Frameworks */ = {
			isa = PBXFrameworksBuildPhase;
			buildActionMask = 2147483647;
			files = (
			);
			runOnlyForDeploymentPostprocessing = 0;
		};
		FCAD3AE62F6DA3870009D8B6 /* Frameworks */ = {
			isa = PBXFrameworksBuildPhase;
			buildActionMask = 2147483647;
			files = (
			);
			runOnlyForDeploymentPostprocessing = 0;
		};
		FCAD3AF02F6DA3870009D8B6 /* Frameworks */ = {
			isa = PBXFrameworksBuildPhase;
			buildActionMask = 2147483647;
			files = (
			);
			runOnlyForDeploymentPostprocessing = 0;
		};
/* End PBXFrameworksBuildPhase section */

/* Begin PBXGroup section */
		FCAD3ACE2F6DA3850009D8B6 = {
			isa = PBXGroup;
			children = (
				FCAD3AD92F6DA3850009D8B6 /* GhibliApp */,
				FCAD3AEC2F6DA3870009D8B6 /* GhibliAppTests */,
				FCAD3AF62F6DA3870009D8B6 /* GhibliAppUITests */,
				FCAD3AD82F6DA3850009D8B6 /* Products */,
				FCAD3B062F6DA47D0009D8B6 /* .gitignore */,
				FCAD3B0A2F6DA4BB0009D8B6 /* .swiftlint.yml */,
			);
			sourceTree = "<group>";
		};
		FCAD3AD82F6DA3850009D8B6 /* Products */ = {
			isa = PBXGroup;
			children = (
				FCAD3AD72F6DA3850009D8B6 /* GhibliApp.app */,
				FCAD3AE92F6DA3870009D8B6 /* GhibliAppTests.xctest */,
				FCAD3AF32F6DA3870009D8B6 /* GhibliAppUITests.xctest */,
			);
			name = Products;
			sourceTree = "<group>";
		};
/* End PBXGroup section */

/* Begin PBXNativeTarget section */
		FCAD3AD62F6DA3850009D8B6 /* GhibliApp */ = {
			isa = PBXNativeTarget;
			buildConfigurationList = FCAD3AFD2F6DA3870009D8B6 /* Build configuration list for PBXNativeTarget "GhibliApp" */;
			buildPhases = (
				FCAD3AD32F6DA3850009D8B6 /* Sources */,
				FCAD3AD42F6DA3850009D8B6 /* Frameworks */,
				FCAD3AD52F6DA3850009D8B6 /* Resources */,
				FCAD3B0C2F6DA4EC0009D8B6 /* Swiftlint */,
			);
			buildRules = (
			);
			dependencies = (
			);
			fileSystemSynchronizedGroups = (
				FCAD3AD92F6DA3850009D8B6 /* GhibliApp */,
			);
			name = GhibliApp;
			packageProductDependencies = (
			);
			productName = GhibliApp;
			productReference = FCAD3AD72F6DA3850009D8B6 /* GhibliApp.app */;
			productType = "com.apple.product-type.application";
		};
		FCAD3AE82F6DA3870009D8B6 /* GhibliAppTests */ = {
			isa = PBXNativeTarget;
			buildConfigurationList = FCAD3B002F6DA3870009D8B6 /* Build configuration list for PBXNativeTarget "GhibliAppTests" */;
			buildPhases = (
				FCAD3AE52F6DA3870009D8B6 /* Sources */,
				FCAD3AE62F6DA3870009D8B6 /* Frameworks */,
				FCAD3AE72F6DA3870009D8B6 /* Resources */,
			);
			buildRules = (
			);
			dependencies = (
				FCAD3AEB2F6DA3870009D8B6 /* PBXTargetDependency */,
			);
			fileSystemSynchronizedGroups = (
				FCAD3AEC2F6DA3870009D8B6 /* GhibliAppTests */,
			);
			name = GhibliAppTests;
			packageProductDependencies = (
			);
			productName = GhibliAppTests;
			productReference = FCAD3AE92F6DA3870009D8B6 /* GhibliAppTests.xctest */;
			productType = "com.apple.product-type.bundle.unit-test";
		};
		FCAD3AF22F6DA3870009D8B6 /* GhibliAppUITests */ = {
			isa = PBXNativeTarget;
			buildConfigurationList = FCAD3B032F6DA3870009D8B6 /* Build configuration list for PBXNativeTarget "GhibliAppUITests" */;
			buildPhases = (
				FCAD3AEF2F6DA3870009D8B6 /* Sources */,
				FCAD3AF02F6DA3870009D8B6 /* Frameworks */,
				FCAD3AF12F6DA3870009D8B6 /* Resources */,
			);
			buildRules = (
			);
			dependencies = (
				FCAD3AF52F6DA3870009D8B6 /* PBXTargetDependency */,
			);
			fileSystemSynchronizedGroups = (
				FCAD3AF62F6DA3870009D8B6 /* GhibliAppUITests */,
			);
			name = GhibliAppUITests;
			packageProductDependencies = (
			);
			productName = GhibliAppUITests;
			productReference = FCAD3AF32F6DA3870009D8B6 /* GhibliAppUITests.xctest */;
			productType = "com.apple.product-type.bundle.ui-testing";
		};
/* End PBXNativeTarget section */

/* Begin PBXProject section */
		FCAD3ACF2F6DA3850009D8B6 /* Project object */ = {
			isa = PBXProject;
			attributes = {
				BuildIndependentTargetsInParallel = 1;
				LastSwiftUpdateCheck = 2630;
				LastUpgradeCheck = 2630;
				TargetAttributes = {
					FCAD3AD62F6DA3850009D8B6 = {
						CreatedOnToolsVersion = 26.3;
					};
					FCAD3AE82F6DA3870009D8B6 = {
						CreatedOnToolsVersion = 26.3;
						TestTargetID = FCAD3AD62F6DA3850009D8B6;
					};
					FCAD3AF22F6DA3870009D8B6 = {
						CreatedOnToolsVersion = 26.3;
						TestTargetID = FCAD3AD62F6DA3850009D8B6;
					};
				};
			};
			buildConfigurationList = FCAD3AD22F6DA3850009D8B6 /* Build configuration list for PBXProject "GhibliApp" */;
			developmentRegion = en;
			hasScannedForEncodings = 0;
			knownRegions = (
				en,
				Base,
			);
			mainGroup = FCAD3ACE2F6DA3850009D8B6;
			minimizedProjectReferenceProxies = 1;
			preferredProjectObjectVersion = 77;
			productRefGroup = FCAD3AD82F6DA3850009D8B6 /* Products */;
			projectDirPath = "";
			projectRoot = "";
			targets = (
				FCAD3AD62F6DA3850009D8B6 /* GhibliApp */,
				FCAD3AE82F6DA3870009D8B6 /* GhibliAppTests */,
				FCAD3AF22F6DA3870009D8B6 /* GhibliAppUITests */,
			);
		};
/* End PBXProject section */

/* Begin PBXResourcesBuildPhase section */
		FCAD3AD52F6DA3850009D8B6 /* Resources */ = {
			isa = PBXResourcesBuildPhase;
			buildActionMask = 2147483647;
			files = (
				FCAD3B0B2F6DA4BB0009D8B6 /* .swiftlint.yml in Resources */,
				FCAD3B072F6DA47D0009D8B6 /* .gitignore in Resources */,
			);
			runOnlyForDeploymentPostprocessing = 0;
		};
		FCAD3AE72F6DA3870009D8B6 /* Resources */ = {
			isa = PBXResourcesBuildPhase;
			buildActionMask = 2147483647;
			files = (
			);
			runOnlyForDeploymentPostprocessing = 0;
		};
		FCAD3AF12F6DA3870009D8B6 /* Resources */ = {
			isa = PBXResourcesBuildPhase;
			buildActionMask = 2147483647;
			files = (
			);
			runOnlyForDeploymentPostprocessing = 0;
		};
/* End PBXResourcesBuildPhase section */

/* Begin PBXShellScriptBuildPhase section */
		FCAD3B0C2F6DA4EC0009D8B6 /* Swiftlint */ = {
			isa = PBXShellScriptBuildPhase;
			alwaysOutOfDate = 1;
			buildActionMask = 2147483647;
			files = (
			);
			inputFileListPaths = (
			);
			inputPaths = (
			);
			name = Swiftlint;
			outputFileListPaths = (
			);
			outputPaths = (
			);
			runOnlyForDeploymentPostprocessing = 0;
			shellPath = /bin/sh;
			shellScript = "if which swiftlint >/dev/null; then\n    echo \"🔍 Searching for Swift files...\"\n    \n    SWIFT_FILES=$(find \"${SRCROOT}\" -name \"*.swift\" -type f | head -5)\n    \n    if [ -z \"$SWIFT_FILES\" ]; then\n        echo \"⚠️ No Swift files found in ${SRCROOT}\"\n        echo \"📁 Current directory: $(pwd)\"\n        echo \"📁 Contents:\"\n        ls -la \"${SRCROOT}\"\n        exit 0\n    else\n        echo \"✅ Found Swift files, running SwiftLint\"\n        swiftlint --path \"${SRCROOT}\"\n    fi\nelse\n    echo \"⚠️ SwiftLint not installed\"\n    exit 0\nfi\n";
		};
/* End PBXShellScriptBuildPhase section */

/* Begin PBXSourcesBuildPhase section */
		FCAD3AD32F6DA3850009D8B6 /* Sources */ = {
			isa = PBXSourcesBuildPhase;
			buildActionMask = 2147483647;
			files = (
			);
			runOnlyForDeploymentPostprocessing = 0;
		};
		FCAD3AE52F6DA3870009D8B6 /* Sources */ = {
			isa = PBXSourcesBuildPhase;
			buildActionMask = 2147483647;
			files = (
			);
			runOnlyForDeploymentPostprocessing = 0;
		};
		FCAD3AEF2F6DA3870009D8B6 /* Sources */ = {
			isa = PBXSourcesBuildPhase;
			buildActionMask = 2147483647;
			files = (
			);
			runOnlyForDeploymentPostprocessing = 0;
		};
/* End PBXSourcesBuildPhase section */

/* Begin PBXTargetDependency section */
		FCAD3AEB2F6DA3870009D8B6 /* PBXTargetDependency */ = {
			isa = PBXTargetDependency;
			target = FCAD3AD62F6DA3850009D8B6 /* GhibliApp */;
			targetProxy = FCAD3AEA2F6DA3870009D8B6 /* PBXContainerItemProxy */;
		};
		FCAD3AF52F6DA3870009D8B6 /* PBXTargetDependency */ = {
			isa = PBXTargetDependency;
			target = FCAD3AD62F6DA3850009D8B6 /* GhibliApp */;
			targetProxy = FCAD3AF42F6DA3870009D8B6 /* PBXContainerItemProxy */;
		};
/* End PBXTargetDependency section */

/* Begin XCBuildConfiguration section */
		FCAD3AFB2F6DA3870009D8B6 /* Debug */ = {
			isa = XCBuildConfiguration;
			buildSettings = {
				ALWAYS_SEARCH_USER_PATHS = NO;
				ASSETCATALOG_COMPILER_GENERATE_SWIFT_ASSET_SYMBOL_EXTENSIONS = YES;
				CLANG_ANALYZER_NONNULL = YES;
				CLANG_ANALYZER_NUMBER_OBJECT_CONVERSION = YES_AGGRESSIVE;
				CLANG_CXX_LANGUAGE_STANDARD = "gnu++20";
				CLANG_ENABLE_MODULES = YES;
				CLANG_ENABLE_OBJC_ARC = YES;
				CLANG_ENABLE_OBJC_WEAK = YES;
				CLANG_WARN_BLOCK_CAPTURE_AUTORELEASING = YES;
				CLANG_WARN_BOOL_CONVERSION = YES;
				CLANG_WARN_COMMA = YES;
				CLANG_WARN_CONSTANT_CONVERSION = YES;
				CLANG_WARN_DEPRECATED_OBJC_IMPLEMENTATIONS = YES;
				CLANG_WARN_DIRECT_OBJC_ISA_USAGE = YES_ERROR;
				CLANG_WARN_DOCUMENTATION_COMMENTS = YES;
				CLANG_WARN_EMPTY_BODY = YES;
				CLANG_WARN_ENUM_CONVERSION = YES;
				CLANG_WARN_INFINITE_RECURSION = YES;
				CLANG_WARN_INT_CONVERSION = YES;
				CLANG_WARN_NON_LITERAL_NULL_CONVERSION = YES;
				CLANG_WARN_OBJC_IMPLICIT_RETAIN_SELF = YES;
				CLANG_WARN_OBJC_LITERAL_CONVERSION = YES;
				CLANG_WARN_OBJC_ROOT_CLASS = YES_ERROR;
				CLANG_WARN_QUOTED_INCLUDE_IN_FRAMEWORK_HEADER = YES;
				CLANG_WARN_RANGE_LOOP_ANALYSIS = YES;
				CLANG_WARN_STRICT_PROTOTYPES = YES;
				CLANG_WARN_SUSPICIOUS_MOVE = YES;
				CLANG_WARN_UNGUARDED_AVAILABILITY = YES_AGGRESSIVE;
				CLANG_WARN_UNREACHABLE_CODE = YES;
				CLANG_WARN__DUPLICATE_METHOD_MATCH = YES;
				COPY_PHASE_STRIP = NO;
				DEBUG_INFORMATION_FORMAT = dwarf;
				DEVELOPMENT_TEAM = XD9897RVV9;
				ENABLE_STRICT_OBJC_MSGSEND = YES;
				ENABLE_TESTABILITY = YES;
				ENABLE_USER_SCRIPT_SANDBOXING = YES;
				GCC_C_LANGUAGE_STANDARD = gnu17;
				GCC_DYNAMIC_NO_PIC = NO;
				GCC_NO_COMMON_BLOCKS = YES;
				GCC_OPTIMIZATION_LEVEL = 0;
				GCC_PREPROCESSOR_DEFINITIONS = (
					"DEBUG=1",
					"$(inherited)",
				);
				GCC_WARN_64_TO_32_BIT_CONVERSION = YES;
				GCC_WARN_ABOUT_RETURN_TYPE = YES_ERROR;
				GCC_WARN_UNDECLARED_SELECTOR = YES;
				GCC_WARN_UNINITIALIZED_AUTOS = YES_AGGRESSIVE;
				GCC_WARN_UNUSED_FUNCTION = YES;
				GCC_WARN_UNUSED_VARIABLE = YES;
				IPHONEOS_DEPLOYMENT_TARGET = 26.2;
				LOCALIZATION_PREFERS_STRING_CATALOGS = YES;
				MTL_ENABLE_DEBUG_INFO = INCLUDE_SOURCE;
				MTL_FAST_MATH = YES;
				ONLY_ACTIVE_ARCH = YES;
				SDKROOT = iphoneos;
				SWIFT_ACTIVE_COMPILATION_CONDITIONS = "DEBUG $(inherited)";
				SWIFT_OPTIMIZATION_LEVEL = "-Onone";
			};
			name = Debug;
		};
		FCAD3AFC2F6DA3870009D8B6 /* Release */ = {
			isa = XCBuildConfiguration;
			buildSettings = {
				ALWAYS_SEARCH_USER_PATHS = NO;
				ASSETCATALOG_COMPILER_GENERATE_SWIFT_ASSET_SYMBOL_EXTENSIONS = YES;
				CLANG_ANALYZER_NONNULL = YES;
				CLANG_ANALYZER_NUMBER_OBJECT_CONVERSION = YES_AGGRESSIVE;
				CLANG_CXX_LANGUAGE_STANDARD = "gnu++20";
				CLANG_ENABLE_MODULES = YES;
				CLANG_ENABLE_OBJC_ARC = YES;
				CLANG_ENABLE_OBJC_WEAK = YES;
				CLANG_WARN_BLOCK_CAPTURE_AUTORELEASING = YES;
				CLANG_WARN_BOOL_CONVERSION = YES;
				CLANG_WARN_COMMA = YES;
				CLANG_WARN_CONSTANT_CONVERSION = YES;
				CLANG_WARN_DEPRECATED_OBJC_IMPLEMENTATIONS = YES;
				CLANG_WARN_DIRECT_OBJC_ISA_USAGE = YES_ERROR;
				CLANG_WARN_DOCUMENTATION_COMMENTS = YES;
				CLANG_WARN_EMPTY_BODY = YES;
				CLANG_WARN_ENUM_CONVERSION = YES;
				CLANG_WARN_INFINITE_RECURSION = YES;
				CLANG_WARN_INT_CONVERSION = YES;
				CLANG_WARN_NON_LITERAL_NULL_CONVERSION = YES;
				CLANG_WARN_OBJC_IMPLICIT_RETAIN_SELF = YES;
				CLANG_WARN_OBJC_LITERAL_CONVERSION = YES;
				CLANG_WARN_OBJC_ROOT_CLASS = YES_ERROR;
				CLANG_WARN_QUOTED_INCLUDE_IN_FRAMEWORK_HEADER = YES;
				CLANG_WARN_RANGE_LOOP_ANALYSIS = YES;
				CLANG_WARN_STRICT_PROTOTYPES = YES;
				CLANG_WARN_SUSPICIOUS_MOVE = YES;
				CLANG_WARN_UNGUARDED_AVAILABILITY = YES_AGGRESSIVE;
				CLANG_WARN_UNREACHABLE_CODE = YES;
				CLANG_WARN__DUPLICATE_METHOD_MATCH = YES;
				COPY_PHASE_STRIP = NO;
				DEBUG_INFORMATION_FORMAT = "dwarf-with-dsym";
				DEVELOPMENT_TEAM = XD9897RVV9;
				ENABLE_NS_ASSERTIONS = NO;
				ENABLE_STRICT_OBJC_MSGSEND = YES;
				ENABLE_USER_SCRIPT_SANDBOXING = YES;
				GCC_C_LANGUAGE_STANDARD = gnu17;
				GCC_NO_COMMON_BLOCKS = YES;
				GCC_WARN_64_TO_32_BIT_CONVERSION = YES;
				GCC_WARN_ABOUT_RETURN_TYPE = YES_ERROR;
				GCC_WARN_UNDECLARED_SELECTOR = YES;
				GCC_WARN_UNINITIALIZED_AUTOS = YES_AGGRESSIVE;
				GCC_WARN_UNUSED_FUNCTION = YES;
				GCC_WARN_UNUSED_VARIABLE = YES;
				IPHONEOS_DEPLOYMENT_TARGET = 26.2;
				LOCALIZATION_PREFERS_STRING_CATALOGS = YES;
				MTL_ENABLE_DEBUG_INFO = NO;
				MTL_FAST_MATH = YES;
				SDKROOT = iphoneos;
				SWIFT_COMPILATION_MODE = wholemodule;
				VALIDATE_PRODUCT = YES;
			};
			name = Release;
		};
		FCAD3AFE2F6DA3870009D8B6 /* Debug */ = {
			isa = XCBuildConfiguration;
			buildSettings = {
				ASSETCATALOG_COMPILER_APPICON_NAME = AppIcon;
				ASSETCATALOG_COMPILER_GLOBAL_ACCENT_COLOR_NAME = AccentColor;
				CODE_SIGN_STYLE = Automatic;
				CURRENT_PROJECT_VERSION = 1;
				DEVELOPMENT_TEAM = XD9897RVV9;
				ENABLE_PREVIEWS = YES;
				GENERATE_INFOPLIST_FILE = YES;
				INFOPLIST_KEY_UIApplicationSceneManifest_Generation = YES;
				INFOPLIST_KEY_UIApplicationSupportsIndirectInputEvents = YES;
				INFOPLIST_KEY_UILaunchScreen_Generation = YES;
				INFOPLIST_KEY_UISupportedInterfaceOrientations_iPad = "UIInterfaceOrientationPortrait UIInterfaceOrientationPortraitUpsideDown UIInterfaceOrientationLandscapeLeft UIInterfaceOrientationLandscapeRight";
				INFOPLIST_KEY_UISupportedInterfaceOrientations_iPhone = "UIInterfaceOrientationPortrait UIInterfaceOrientationLandscapeLeft UIInterfaceOrientationLandscapeRight";
				LD_RUNPATH_SEARCH_PATHS = (
					"$(inherited)",
					"@executable_path/Frameworks",
				);
				MARKETING_VERSION = 1.0;
				PRODUCT_BUNDLE_IDENTIFIER = com.kurillccc.GhibliApp;
				PRODUCT_NAME = "$(TARGET_NAME)";
				STRING_CATALOG_GENERATE_SYMBOLS = YES;
				SWIFT_APPROACHABLE_CONCURRENCY = YES;
				SWIFT_DEFAULT_ACTOR_ISOLATION = MainActor;
				SWIFT_EMIT_LOC_STRINGS = YES;
				SWIFT_STRICT_CONCURRENCY = targeted;
				SWIFT_UPCOMING_FEATURE_MEMBER_IMPORT_VISIBILITY = YES;
				SWIFT_VERSION = 6.0;
				TARGETED_DEVICE_FAMILY = "1,2";
			};
			name = Debug;
		};
		FCAD3AFF2F6DA3870009D8B6 /* Release */ = {
			isa = XCBuildConfiguration;
			buildSettings = {
				ASSETCATALOG_COMPILER_APPICON_NAME = AppIcon;
				ASSETCATALOG_COMPILER_GLOBAL_ACCENT_COLOR_NAME = AccentColor;
				CODE_SIGN_STYLE = Automatic;
				CURRENT_PROJECT_VERSION = 1;
				DEVELOPMENT_TEAM = XD9897RVV9;
				ENABLE_PREVIEWS = YES;
				GENERATE_INFOPLIST_FILE = YES;
				INFOPLIST_KEY_UIApplicationSceneManifest_Generation = YES;
				INFOPLIST_KEY_UIApplicationSupportsIndirectInputEvents = YES;
				INFOPLIST_KEY_UILaunchScreen_Generation = YES;
				INFOPLIST_KEY_UISupportedInterfaceOrientations_iPad = "UIInterfaceOrientationPortrait UIInterfaceOrientationPortraitUpsideDown UIInterfaceOrientationLandscapeLeft UIInterfaceOrientationLandscapeRight";
				INFOPLIST_KEY_UISupportedInterfaceOrientations_iPhone = "UIInterfaceOrientationPortrait UIInterfaceOrientationLandscapeLeft UIInterfaceOrientationLandscapeRight";
				LD_RUNPATH_SEARCH_PATHS = (
					"$(inherited)",
					"@executable_path/Frameworks",
				);
				MARKETING_VERSION = 1.0;
				PRODUCT_BUNDLE_IDENTIFIER = com.kurillccc.GhibliApp;
				PRODUCT_NAME = "$(TARGET_NAME)";
				STRING_CATALOG_GENERATE_SYMBOLS = YES;
				SWIFT_APPROACHABLE_CONCURRENCY = YES;
				SWIFT_DEFAULT_ACTOR_ISOLATION = MainActor;
				SWIFT_EMIT_LOC_STRINGS = YES;
				SWIFT_STRICT_CONCURRENCY = targeted;
				SWIFT_UPCOMING_FEATURE_MEMBER_IMPORT_VISIBILITY = YES;
				SWIFT_VERSION = 6.0;
				TARGETED_DEVICE_FAMILY = "1,2";
			};
			name = Release;
		};
		FCAD3B012F6DA3870009D8B6 /* Debug */ = {
			isa = XCBuildConfiguration;
			buildSettings = {
				BUNDLE_LOADER = "$(TEST_HOST)";
				CODE_SIGN_STYLE = Automatic;
				CURRENT_PROJECT_VERSION = 1;
				DEVELOPMENT_TEAM = XD9897RVV9;
				GENERATE_INFOPLIST_FILE = YES;
				IPHONEOS_DEPLOYMENT_TARGET = 26.2;
				MARKETING_VERSION = 1.0;
				PRODUCT_BUNDLE_IDENTIFIER = com.kurillccc.GhibliAppTests;
				PRODUCT_NAME = "$(TARGET_NAME)";
				STRING_CATALOG_GENERATE_SYMBOLS = NO;
				SWIFT_APPROACHABLE_CONCURRENCY = YES;
				SWIFT_EMIT_LOC_STRINGS = NO;
				SWIFT_UPCOMING_FEATURE_MEMBER_IMPORT_VISIBILITY = YES;
				SWIFT_VERSION = 5.0;
				TARGETED_DEVICE_FAMILY = "1,2";
				TEST_HOST = "$(BUILT_PRODUCTS_DIR)/GhibliApp.app/$(BUNDLE_EXECUTABLE_FOLDER_PATH)/GhibliApp";
			};
			name = Debug;
		};
		FCAD3B022F6DA3870009D8B6 /* Release */ = {
			isa = XCBuildConfiguration;
			buildSettings = {
				BUNDLE_LOADER = "$(TEST_HOST)";
				CODE_SIGN_STYLE = Automatic;
				CURRENT_PROJECT_VERSION = 1;
				DEVELOPMENT_TEAM = XD9897RVV9;
				GENERATE_INFOPLIST_FILE = YES;
				IPHONEOS_DEPLOYMENT_TARGET = 26.2;
				MARKETING_VERSION = 1.0;
				PRODUCT_BUNDLE_IDENTIFIER = com.kurillccc.GhibliAppTests;
				PRODUCT_NAME = "$(TARGET_NAME)";
				STRING_CATALOG_GENERATE_SYMBOLS = NO;
				SWIFT_APPROACHABLE_CONCURRENCY = YES;
				SWIFT_EMIT_LOC_STRINGS = NO;
				SWIFT_UPCOMING_FEATURE_MEMBER_IMPORT_VISIBILITY = YES;
				SWIFT_VERSION = 5.0;
				TARGETED_DEVICE_FAMILY = "1,2";
				TEST_HOST = "$(BUILT_PRODUCTS_DIR)/GhibliApp.app/$(BUNDLE_EXECUTABLE_FOLDER_PATH)/GhibliApp";
			};
			name = Release;
		};
		FCAD3B042F6DA3870009D8B6 /* Debug */ = {
			isa = XCBuildConfiguration;
			buildSettings = {
				CODE_SIGN_STYLE = Automatic;
				CURRENT_PROJECT_VERSION = 1;
				DEVELOPMENT_TEAM = XD9897RVV9;
				GENERATE_INFOPLIST_FILE = YES;
				MARKETING_VERSION = 1.0;
				PRODUCT_BUNDLE_IDENTIFIER = com.kurillccc.GhibliAppUITests;
				PRODUCT_NAME = "$(TARGET_NAME)";
				STRING_CATALOG_GENERATE_SYMBOLS = NO;
				SWIFT_APPROACHABLE_CONCURRENCY = YES;
				SWIFT_EMIT_LOC_STRINGS = NO;
				SWIFT_UPCOMING_FEATURE_MEMBER_IMPORT_VISIBILITY = YES;
				SWIFT_VERSION = 5.0;
				TARGETED_DEVICE_FAMILY = "1,2";
				TEST_TARGET_NAME = GhibliApp;
			};
			name = Debug;
		};
		FCAD3B052F6DA3870009D8B6 /* Release */ = {
			isa = XCBuildConfiguration;
			buildSettings = {
				CODE_SIGN_STYLE = Automatic;
				CURRENT_PROJECT_VERSION = 1;
				DEVELOPMENT_TEAM = XD9897RVV9;
				GENERATE_INFOPLIST_FILE = YES;
				MARKETING_VERSION = 1.0;
				PRODUCT_BUNDLE_IDENTIFIER = com.kurillccc.GhibliAppUITests;
				PRODUCT_NAME = "$(TARGET_NAME)";
				STRING_CATALOG_GENERATE_SYMBOLS = NO;
				SWIFT_APPROACHABLE_CONCURRENCY = YES;
				SWIFT_EMIT_LOC_STRINGS = NO;
				SWIFT_UPCOMING_FEATURE_MEMBER_IMPORT_VISIBILITY = YES;
				SWIFT_VERSION = 5.0;
				TARGETED_DEVICE_FAMILY = "1,2";
				TEST_TARGET_NAME = GhibliApp;
			};
			name = Release;
		};
/* End XCBuildConfiguration section */

/* Begin XCConfigurationList section */
		FCAD3AD22F6DA3850009D8B6 /* Build configuration list for PBXProject "GhibliApp" */ = {
			isa = XCConfigurationList;
			buildConfigurations = (
				FCAD3AFB2F6DA3870009D8B6 /* Debug */,
				FCAD3AFC2F6DA3870009D8B6 /* Release */,
			);
			defaultConfigurationIsVisible = 0;
			defaultConfigurationName = Release;
		};
		FCAD3AFD2F6DA3870009D8B6 /* Build configuration list for PBXNativeTarget "GhibliApp" */ = {
			isa = XCConfigurationList;
			buildConfigurations = (
				FCAD3AFE2F6DA3870009D8B6 /* Debug */,
				FCAD3AFF2F6DA3870009D8B6 /* Release */,
			);
			defaultConfigurationIsVisible = 0;
			defaultConfigurationName = Release;
		};
		FCAD3B002F6DA3870009D8B6 /* Build configuration list for PBXNativeTarget "GhibliAppTests" */ = {
			isa = XCConfigurationList;
			buildConfigurations = (
				FCAD3B012F6DA3870009D8B6 /* Debug */,
				FCAD3B022F6DA3870009D8B6 /* Release */,
			);
			defaultConfigurationIsVisible = 0;
			defaultConfigurationName = Release;
		};
		FCAD3B032F6DA3870009D8B6 /* Build configuration list for PBXNativeTarget "GhibliAppUITests" */ = {
			isa = XCConfigurationList;
			buildConfigurations = (
				FCAD3B042F6DA3870009D8B6 /* Debug */,
				FCAD3B052F6DA3870009D8B6 /* Release */,
			);
			defaultConfigurationIsVisible = 0;
			defaultConfigurationName = Release;
		};
/* End XCConfigurationList section */
	};
	rootObject = FCAD3ACF2F6DA3850009D8B6 /* Project object */;
}
